
Microsoft Visual Studio Solution File, Format Version 12.00
# Visual Studio Version 16
VisualStudioVersion = 16.0.31702.278
MinimumVisualStudioVersion = 10.0.40219.1
Project("{FAE04EC0-301F-11D3-BF4B-00C04F79EFBC}") = "Phone shop", "Phone shop\Phone shop.csproj", "{59816BB7-7EAF-4694-9261-84A75BF60735}"
EndProject
Global
	GlobalSection(SolutionConfigurationPlatforms) = preSolution
		Debug|Any CPU = Debug|Any CPU
		Release|Any CPU = Release|Any CPU
	EndGlobalSection
	GlobalSection(ProjectConfigurationPlatforms) = postSolution
		{59816BB7-7EAF-4694-9261-84A75BF60735}.Debug|Any CPU.ActiveCfg = Debug|Any CPU
		{59816BB7-7EAF-4694-9261-84A75BF60735}.Debug|Any CPU.Build.0 = Debug|Any CPU
		{59816BB7-7EAF-4694-9261-84A75BF60735}.Release|Any CPU.ActiveCfg = Release|Any CPU
		{59816BB7-7EAF-4694-9261-84A75BF60735}.Release|Any CPU.Build.0 = Release|Any CPU
	EndGlobalSection
	GlobalSection(SolutionProperties) = preSolution
		HideSolutionNode = FALSE
	EndGlobalSection
	GlobalSection(ExtensibilityGlobals) = postSolution
		SolutionGuid = {A1907AD5-FBA8-4C96-945D-0D30194C9EE2}
	EndGlobalSection
EndGlobal
